
Microsoft Visual Studio Solution File, Format Version 12.00
# Visual Studio 15
VisualStudioVersion = 15.0.28307.168
MinimumVisualStudioVersion = 10.0.40219.1
Project("{FAE04EC0-301F-11D3-BF4B-00C04F79EFBC}") = "MvcWebUI", "MvcWebUI\MvcWebUI.csproj", "{7F2F6FD6-22D7-4C70-87B5-488DA8153F73}"
EndProject
Global
	GlobalSection(SolutionConfigurationPlatforms) = preSolution
		Debug|Any CPU = Debug|Any CPU
		Release|Any CPU = Release|Any CPU
	EndGlobalSection
	GlobalSection(ProjectConfigurationPlatforms) = postSolution
		{7F2F6FD6-22D7-4C70-87B5-488DA8153F73}.Debug|Any CPU.ActiveCfg = Debug|Any CPU
		{7F2F6FD6-22D7-4C70-87B5-488DA8153F73}.Debug|Any CPU.Build.0 = Debug|Any CPU
		{7F2F6FD6-22D7-4C70-87B5-488DA8153F73}.Release|Any CPU.ActiveCfg = Release|Any CPU
		{7F2F6FD6-22D7-4C70-87B5-488DA8153F73}.Release|Any CPU.Build.0 = Release|Any CPU
	EndGlobalSection
	GlobalSection(SolutionProperties) = preSolution
		HideSolutionNode = FALSE
	EndGlobalSection
	GlobalSection(ExtensibilityGlobals) = postSolution
		SolutionGuid = {29EB31DA-E4CC-42E2-BFB7-63129EEE8D85}
	EndGlobalSection
EndGlobal
